
Microsoft Visual Studio Solution File, Format Version 12.00
# Visual Studio 14
VisualStudioVersion = 14.0.25123.0
MinimumVisualStudioVersion = 10.0.40219.1
Project("{FAE04EC0-301F-11D3-BF4B-00C04F79EFBC}") = "Aviaco_V1", "Aviaco_V1\Aviaco_V1.csproj", "{F0E47145-7F43-40D4-9890-C945B03CDDFD}"
EndProject
Project("{FAE04EC0-301F-11D3-BF4B-00C04F79EFBC}") = "DAL", "DAL\DAL.csproj", "{C93EF641-A87D-4E5F-8328-D0FA3B4949BA}"
EndProject
Project("{FAE04EC0-301F-11D3-BF4B-00C04F79EFBC}") = "BLL", "BLL\BLL.csproj", "{A5890A13-0D4F-4B5A-BF92-507AA9DCCE98}"
EndProject
Global
	GlobalSection(SolutionConfigurationPlatforms) = preSolution
		Debug|Any CPU = Debug|Any CPU
		Release|Any CPU = Release|Any CPU
	EndGlobalSection
	GlobalSection(ProjectConfigurationPlatforms) = postSolution
		{F0E47145-7F43-40D4-9890-C945B03CDDFD}.Debug|Any CPU.ActiveCfg = Debug|Any CPU
		{F0E47145-7F43-40D4-9890-C945B03CDDFD}.Debug|Any CPU.Build.0 = Debug|Any CPU
		{F0E47145-7F43-40D4-9890-C945B03CDDFD}.Release|Any CPU.ActiveCfg = Release|Any CPU
		{F0E47145-7F43-40D4-9890-C945B03CDDFD}.Release|Any CPU.Build.0 = Release|Any CPU
		{C93EF641-A87D-4E5F-8328-D0FA3B4949BA}.Debug|Any CPU.ActiveCfg = Debug|Any CPU
		{C93EF641-A87D-4E5F-8328-D0FA3B4949BA}.Debug|Any CPU.Build.0 = Debug|Any CPU
		{C93EF641-A87D-4E5F-8328-D0FA3B4949BA}.Release|Any CPU.ActiveCfg = Release|Any CPU
		{C93EF641-A87D-4E5F-8328-D0FA3B4949BA}.Release|Any CPU.Build.0 = Release|Any CPU
		{A5890A13-0D4F-4B5A-BF92-507AA9DCCE98}.Debug|Any CPU.ActiveCfg = Debug|Any CPU
		{A5890A13-0D4F-4B5A-BF92-507AA9DCCE98}.Debug|Any CPU.Build.0 = Debug|Any CPU
		{A5890A13-0D4F-4B5A-BF92-507AA9DCCE98}.Release|Any CPU.ActiveCfg = Release|Any CPU
		{A5890A13-0D4F-4B5A-BF92-507AA9DCCE98}.Release|Any CPU.Build.0 = Release|Any CPU
	EndGlobalSection
	GlobalSection(SolutionProperties) = preSolution
		HideSolutionNode = FALSE
	EndGlobalSection
EndGlobal
